
Microsoft Visual Studio Solution File, Format Version 12.00
# Visual Studio Version 17
VisualStudioVersion = 17.0.31903.59
MinimumVisualStudioVersion = 10.0.40219.1
Project("{2150E333-8FDC-42A3-9474-1A3956D46DE8}") = "src", "src", "{F5AB68DA-36C1-4F06-8E76-0AB89B888E0A}"
EndProject
Project("{FAE04EC0-301F-11D3-BF4B-00C04F79EFBC}") = "Job.Core", "src\Job.Core\Job.Core.csproj", "{375CC2C4-6DAE-4BAA-A839-E94A0D3C4930}"
EndProject
Project("{FAE04EC0-301F-11D3-BF4B-00C04F79EFBC}") = "Job.Infrastructure", "src\Job.Infrastructure\Job.Infrastructure.csproj", "{98BB7238-8F1A-4ED9-AFF9-1097CF1E2747}"
EndProject
Project("{FAE04EC0-301F-11D3-BF4B-00C04F79EFBC}") = "Job.Api", "src\Job.Api\Job.Api.csproj", "{6DB7BD6F-A051-44B8-8F74-70F0F2238A12}"
EndProject
Project("{2150E333-8FDC-42A3-9474-1A3956D46DE8}") = "tests", "tests", "{DBE720F8-6318-4B92-BE17-F67F62F7C06F}"
EndProject
Project("{FAE04EC0-301F-11D3-BF4B-00C04F79EFBC}") = "Job.Tests", "tests\Job.Tests\Job.Tests.csproj", "{4180B177-3321-4842-99B8-48E132F65060}"
EndProject
Global
	GlobalSection(SolutionConfigurationPlatforms) = preSolution
		Debug|Any CPU = Debug|Any CPU
		Release|Any CPU = Release|Any CPU
	EndGlobalSection
	GlobalSection(SolutionProperties) = preSolution
		HideSolutionNode = FALSE
	EndGlobalSection
	GlobalSection(ProjectConfigurationPlatforms) = postSolution
		{375CC2C4-6DAE-4BAA-A839-E94A0D3C4930}.Debug|Any CPU.ActiveCfg = Debug|Any CPU
		{375CC2C4-6DAE-4BAA-A839-E94A0D3C4930}.Debug|Any CPU.Build.0 = Debug|Any CPU
		{375CC2C4-6DAE-4BAA-A839-E94A0D3C4930}.Release|Any CPU.ActiveCfg = Release|Any CPU
		{375CC2C4-6DAE-4BAA-A839-E94A0D3C4930}.Release|Any CPU.Build.0 = Release|Any CPU
		{98BB7238-8F1A-4ED9-AFF9-1097CF1E2747}.Debug|Any CPU.ActiveCfg = Debug|Any CPU
		{98BB7238-8F1A-4ED9-AFF9-1097CF1E2747}.Debug|Any CPU.Build.0 = Debug|Any CPU
		{98BB7238-8F1A-4ED9-AFF9-1097CF1E2747}.Release|Any CPU.ActiveCfg = Release|Any CPU
		{98BB7238-8F1A-4ED9-AFF9-1097CF1E2747}.Release|Any CPU.Build.0 = Release|Any CPU
		{6DB7BD6F-A051-44B8-8F74-70F0F2238A12}.Debug|Any CPU.ActiveCfg = Debug|Any CPU
		{6DB7BD6F-A051-44B8-8F74-70F0F2238A12}.Debug|Any CPU.Build.0 = Debug|Any CPU
		{6DB7BD6F-A051-44B8-8F74-70F0F2238A12}.Release|Any CPU.ActiveCfg = Release|Any CPU
		{6DB7BD6F-A051-44B8-8F74-70F0F2238A12}.Release|Any CPU.Build.0 = Release|Any CPU
		{4180B177-3321-4842-99B8-48E132F65060}.Debug|Any CPU.ActiveCfg = Debug|Any CPU
		{4180B177-3321-4842-99B8-48E132F65060}.Debug|Any CPU.Build.0 = Debug|Any CPU
		{4180B177-3321-4842-99B8-48E132F65060}.Release|Any CPU.ActiveCfg = Release|Any CPU
		{4180B177-3321-4842-99B8-48E132F65060}.Release|Any CPU.Build.0 = Release|Any CPU
	EndGlobalSection
	GlobalSection(NestedProjects) = preSolution
		{375CC2C4-6DAE-4BAA-A839-E94A0D3C4930} = {F5AB68DA-36C1-4F06-8E76-0AB89B888E0A}
		{98BB7238-8F1A-4ED9-AFF9-1097CF1E2747} = {F5AB68DA-36C1-4F06-8E76-0AB89B888E0A}
		{6DB7BD6F-A051-44B8-8F74-70F0F2238A12} = {F5AB68DA-36C1-4F06-8E76-0AB89B888E0A}
		{4180B177-3321-4842-99B8-48E132F65060} = {DBE720F8-6318-4B92-BE17-F67F62F7C06F}
	EndGlobalSection
EndGlobal
